
Microsoft Visual Studio Solution File, Format Version 12.00
# Visual Studio 14
VisualStudioVersion = 14.0.25420.1
MinimumVisualStudioVersion = 10.0.40219.1
Project("{8BC9CEB8-8B4A-11D0-8D11-00A0C91BC942}") = "Conetrace64", "Conetrace64.vcxproj", "{AB2EAE5C-ECFB-49E3-ABDD-095C395143EF}"
EndProject
Project("{2150E333-8FDC-42A3-9474-1A3956D46DE8}") = "Solution Items", "Solution Items", "{7342E4CF-D0AA-4ED0-8007-EC66D46A5344}"
	ProjectSection(SolutionItems) = preProject
		resc\shaders\voxelizationFrag.shader = resc\shaders\voxelizationFrag.shader
		resc\shaders\voxelizationGeom.shader = resc\shaders\voxelizationGeom.shader
		resc\shaders\voxelizationVert.shader = resc\shaders\voxelizationVert.shader
	EndProjectSection
EndProject
Global
	GlobalSection(SolutionConfigurationPlatforms) = preSolution
		Debug|x64 = Debug|x64
		Debug|x86 = Debug|x86
		Release|x64 = Release|x64
		Release|x86 = Release|x86
	EndGlobalSection
	GlobalSection(ProjectConfigurationPlatforms) = postSolution
		{AB2EAE5C-ECFB-49E3-ABDD-095C395143EF}.Debug|x64.ActiveCfg = Debug|x64
		{AB2EAE5C-ECFB-49E3-ABDD-095C395143EF}.Debug|x64.Build.0 = Debug|x64
		{AB2EAE5C-ECFB-49E3-ABDD-095C395143EF}.Debug|x86.ActiveCfg = Debug|Win32
		{AB2EAE5C-ECFB-49E3-ABDD-095C395143EF}.Debug|x86.Build.0 = Debug|Win32
		{AB2EAE5C-ECFB-49E3-ABDD-095C395143EF}.Release|x64.ActiveCfg = Release|x64
		{AB2EAE5C-ECFB-49E3-ABDD-095C395143EF}.Release|x64.Build.0 = Release|x64
		{AB2EAE5C-ECFB-49E3-ABDD-095C395143EF}.Release|x86.ActiveCfg = Release|Win32
		{AB2EAE5C-ECFB-49E3-ABDD-095C395143EF}.Release|x86.Build.0 = Release|Win32
	EndGlobalSection
	GlobalSection(SolutionProperties) = preSolution
		HideSolutionNode = FALSE
	EndGlobalSection
EndGlobal
