<?xml version="1.0" encoding="utf-8"?>
<Project ToolsVersion="4.0" xmlns="http://schemas.microsoft.com/developer/msbuild/2003">
  <ItemGroup>
    <Filter Include="Source Files">
      <UniqueIdentifier>{4FC737F1-C7A5-4376-A066-2A32D752A2FF}</UniqueIdentifier>
      <Extensions>cpp;c;cc;cxx;def;odl;idl;hpj;bat;asm;asmx</Extensions>
    </Filter>
    <Filter Include="Header Files">
      <UniqueIdentifier>{93995380-89BD-4b04-88EB-625FBE52EBFB}</UniqueIdentifier>
      <Extensions>h;hh;hpp;hxx;hm;inl;inc;xsd</Extensions>
    </Filter>
    <Filter Include="Resource Files">
      <UniqueIdentifier>{67DA6AB6-F800-4c08-8B7A-83BB121AAD01}</UniqueIdentifier>
      <Extensions>rc;ico;cur;bmp;dlg;rc2;rct;bin;rgs;gif;jpg;jpeg;jpe;resx;tiff;tif;png;wav;mfcribbon-ms</Extensions>
    </Filter>
    <Filter Include="Header Files\OpenGL">
      <UniqueIdentifier>{f62f76f5-6feb-4663-a832-d64797316c13}</UniqueIdentifier>
    </Filter>
    <Filter Include="Source Files\OpenGL">
      <UniqueIdentifier>{b6164576-3f37-43f8-b0b0-f60d6e4c3ed9}</UniqueIdentifier>
    </Filter>
    <Filter Include="Header Files\FileFormats">
      <UniqueIdentifier>{a4f91038-8d8e-4e85-af8f-5e6cb79d0622}</UniqueIdentifier>
    </Filter>
    <Filter Include="Source Files\FileFormats">
      <UniqueIdentifier>{ca40583e-0edf-491e-be6e-05c675bda30a}</UniqueIdentifier>
    </Filter>
    <Filter Include="Header Files\Scene">
      <UniqueIdentifier>{d112830f-2243-4af9-8b66-2786dbebe952}</UniqueIdentifier>
    </Filter>
    <Filter Include="Source Files\Scene">
      <UniqueIdentifier>{2c6eda4d-2d72-446f-bf35-f12932d1faa8}</UniqueIdentifier>
    </Filter>
    <Filter Include="shaders">
      <UniqueIdentifier>{a816d88b-3a21-42b1-b513-fe667609d4bc}</UniqueIdentifier>
    </Filter>
  </ItemGroup>
  <ItemGroup>
    <ClCompile Include="main.cpp">
      <Filter>Source Files</Filter>
    </ClCompile>
    <ClCompile Include="Deps\GL_utilities.c">
      <Filter>Source Files</Filter>
    </ClCompile>
    <ClCompile Include="Deps\VectorUtils3.c">
      <Filter>Source Files</Filter>
    </ClCompile>
    <ClCompile Include="VertexBufferObject.cpp">
      <Filter>Source Files\OpenGL</Filter>
    </ClCompile>
    <ClCompile Include="VertexArrayObject.cpp">
      <Filter>Source Files\OpenGL</Filter>
    </ClCompile>
    <ClCompile Include="ShaderProgram.cpp">
      <Filter>Source Files\OpenGL</Filter>
    </ClCompile>
    <ClCompile Include="Utils.cpp">
      <Filter>Source Files</Filter>
    </ClCompile>
    <ClCompile Include="BMP.cpp">
      <Filter>Source Files\FileFormats</Filter>
    </ClCompile>
    <ClCompile Include="Deps\LoadTGA.c">
      <Filter>Source Files\FileFormats</Filter>
    </ClCompile>
    <ClCompile Include="TGA.cpp">
      <Filter>Source Files\FileFormats</Filter>
    </ClCompile>
    <ClCompile Include="Camera.cpp">
      <Filter>Source Files\Scene</Filter>
    </ClCompile>
    <ClCompile Include="Texture2D.cpp">
      <Filter>Source Files\OpenGL</Filter>
    </ClCompile>
    <ClCompile Include="TransformPipeline3D.cpp">
      <Filter>Source Files\OpenGL</Filter>
    </ClCompile>
    <ClCompile Include="RawModel.cpp">
      <Filter>Source Files\OpenGL</Filter>
    </ClCompile>
    <ClCompile Include="PointLight.cpp">
      <Filter>Source Files\OpenGL</Filter>
    </ClCompile>
    <ClCompile Include="Material.cpp">
      <Filter>Source Files\OpenGL</Filter>
    </ClCompile>
    <ClCompile Include="SceneObject.cpp">
      <Filter>Source Files\Scene</Filter>
    </ClCompile>
    <ClCompile Include="Deps\loadobj.cpp">
      <Filter>Source Files\OpenGL</Filter>
    </ClCompile>
    <ClCompile Include="GenericScene.cpp">
      <Filter>Source Files\Scene</Filter>
    </ClCompile>
    <ClCompile Include="Window.cpp">
      <Filter>Source Files\OpenGL</Filter>
    </ClCompile>
    <ClCompile Include="CornellScene.cpp">
      <Filter>Source Files\Scene</Filter>
    </ClCompile>
    <ClCompile Include="Texture3D.cpp">
      <Filter>Source Files\OpenGL</Filter>
    </ClCompile>
  </ItemGroup>
  <ItemGroup>
    <ClInclude Include="Deps\GL_utilities.h">
      <Filter>Header Files</Filter>
    </ClInclude>
    <ClInclude Include="Deps\VectorUtils3.h">
      <Filter>Header Files</Filter>
    </ClInclude>
    <ClInclude Include="VertexBufferObject.h">
      <Filter>Header Files\OpenGL</Filter>
    </ClInclude>
    <ClInclude Include="VertexArrayObject.h">
      <Filter>Header Files\OpenGL</Filter>
    </ClInclude>
    <ClInclude Include="TransformPipeline3D.h">
      <Filter>Header Files\OpenGL</Filter>
    </ClInclude>
    <ClInclude Include="Texture2D.h">
      <Filter>Header Files\OpenGL</Filter>
    </ClInclude>
    <ClInclude Include="ShaderProgram.h">
      <Filter>Header Files\OpenGL</Filter>
    </ClInclude>
    <ClInclude Include="RawModel.h">
      <Filter>Header Files\OpenGL</Filter>
    </ClInclude>
    <ClInclude Include="PointLight.h">
      <Filter>Header Files\OpenGL</Filter>
    </ClInclude>
    <ClInclude Include="Material.h">
      <Filter>Header Files\OpenGL</Filter>
    </ClInclude>
    <ClInclude Include="TextureFile.h">
      <Filter>Header Files</Filter>
    </ClInclude>
    <ClInclude Include="Utils.h">
      <Filter>Header Files</Filter>
    </ClInclude>
    <ClInclude Include="PixelInfo.h">
      <Filter>Header Files</Filter>
    </ClInclude>
    <ClInclude Include="BMP.h">
      <Filter>Header Files\FileFormats</Filter>
    </ClInclude>
    <ClInclude Include="Deps\LoadTGA.h">
      <Filter>Header Files\FileFormats</Filter>
    </ClInclude>
    <ClInclude Include="TGA.h">
      <Filter>Header Files\FileFormats</Filter>
    </ClInclude>
    <ClInclude Include="Deps\loadobj.h">
      <Filter>Header Files\OpenGL</Filter>
    </ClInclude>
    <ClInclude Include="Camera.h">
      <Filter>Header Files\Scene</Filter>
    </ClInclude>
    <ClInclude Include="Color.h">
      <Filter>Header Files\OpenGL</Filter>
    </ClInclude>
    <ClInclude Include="SceneObject.h">
      <Filter>Header Files\Scene</Filter>
    </ClInclude>
    <ClInclude Include="GenericScene.h">
      <Filter>Header Files\Scene</Filter>
    </ClInclude>
    <ClInclude Include="Window.h">
      <Filter>Header Files\OpenGL</Filter>
    </ClInclude>
    <ClInclude Include="CornellScene.h">
      <Filter>Header Files\Scene</Filter>
    </ClInclude>
    <ClInclude Include="Texture3D.h">
      <Filter>Header Files\OpenGL</Filter>
    </ClInclude>
  </ItemGroup>
  <ItemGroup>
    <None Include="resc\shaders\simpleFrag.shader">
      <Filter>shaders</Filter>
    </None>
    <None Include="resc\shaders\simpleVert.shader">
      <Filter>shaders</Filter>
    </None>
    <None Include="resc\shaders\voxelizationFrag.shader">
      <Filter>shaders</Filter>
    </None>
    <None Include="resc\shaders\voxelizationGeom.shader">
      <Filter>shaders</Filter>
    </None>
    <None Include="resc\shaders\voxelizationVert.shader">
      <Filter>shaders</Filter>
    </None>
    <None Include="resc\shaders\coneTracingFrag.shader">
      <Filter>shaders</Filter>
    </None>
    <None Include="resc\shaders\coneTracingVert.shader">
      <Filter>shaders</Filter>
    </None>
  </ItemGroup>
</Project>